
Microsoft Visual Studio Solution File, Format Version 12.00
# Visual Studio Version 17
VisualStudioVersion = 17.11.35327.3
MinimumVisualStudioVersion = 10.0.40219.1
Project("{9A19103F-16F7-4668-BE54-9A1E7A4F7556}") = "BlazorAndFluxorCrud", "BlazorAndFluxorCrud\BlazorAndFluxorCrud.csproj", "{1613088B-B09F-4E9B-BFAF-227204DA37BB}"
EndProject
Global
	GlobalSection(SolutionConfigurationPlatforms) = preSolution
		Debug|Any CPU = Debug|Any CPU
		Release|Any CPU = Release|Any CPU
	EndGlobalSection
	GlobalSection(ProjectConfigurationPlatforms) = postSolution
		{1613088B-B09F-4E9B-BFAF-227204DA37BB}.Debug|Any CPU.ActiveCfg = Debug|Any CPU
		{1613088B-B09F-4E9B-BFAF-227204DA37BB}.Debug|Any CPU.Build.0 = Debug|Any CPU
		{1613088B-B09F-4E9B-BFAF-227204DA37BB}.Release|Any CPU.ActiveCfg = Release|Any CPU
		{1613088B-B09F-4E9B-BFAF-227204DA37BB}.Release|Any CPU.Build.0 = Release|Any CPU
	EndGlobalSection
	GlobalSection(SolutionProperties) = preSolution
		HideSolutionNode = FALSE
	EndGlobalSection
	GlobalSection(ExtensibilityGlobals) = postSolution
		SolutionGuid = {1D8AC012-6935-4721-A53E-848DB0660B2A}
	EndGlobalSection
EndGlobal
